Microsoft Visual Studio Solution File, Format Version 12.00
# Visual Studio Version 17
VisualStudioVersion = 17.5.2.0
MinimumVisualStudioVersion = 10.0.40219.1
Project("{2150E333-8FDC-42A3-9474-1A3956D46DE8}") = "01_intro", "01_intro", "{B98B9567-4137-651F-6971-E2396273E204}"
EndProject
Project("{FAE04EC0-301F-11D3-BF4B-00C04F79EFBC}") = "1_1_HelloWorldApp", "01_intro\1_1_HelloWorldApp\1_1_HelloWorldApp.csproj", "{B6989FA2-1FE1-E1F7-0CB8-8FE2A41A0F8C}"
EndProject
Project("{FAE04EC0-301F-11D3-BF4B-00C04F79EFBC}") = "1_2_NuGetApp", "01_intro\1_2_NuGetApp\1_2_NuGetApp.csproj", "{7589B7E4-C5B6-DCAD-EAC4-4F070534175D}"
EndProject
Project("{FAE04EC0-301F-11D3-BF4B-00C04F79EFBC}") = "1_3_InteropApp", "01_intro\1_3_InteropApp\1_3_InteropApp.csproj", "{02309D3F-03C8-7489-3374-A77F7CB53280}"
EndProject
Project("{FAE04EC0-301F-11D3-BF4B-00C04F79EFBC}") = "1_4_PerformanceApp", "01_intro\1_4_PerformanceApp\1_4_PerformanceApp.csproj", "{D2E885DB-5010-EF63-6802-88549617FAA1}"
EndProject
Project("{2150E333-8FDC-42A3-9474-1A3956D46DE8}") = "HW", "HW", "{C6A6441C-106B-B857-A457-6226BE6D76D5}"
EndProject
Project("{FAE04EC0-301F-11D3-BF4B-00C04F79EFBC}") = "hw1", "01_intro\HW\hw1\hw1.csproj", "{367B9627-1482-0D19-44A8-8E435C1D6973}"
EndProject
Project("{FAE04EC0-301F-11D3-BF4B-00C04F79EFBC}") = "hw2", "01_intro\HW\hw2\hw2.csproj", "{B68373E6-A674-1B51-C6C4-8043963CCD95}"
EndProject
Project("{FAE04EC0-301F-11D3-BF4B-00C04F79EFBC}") = "hw3", "01_intro\HW\hw3\hw3.csproj", "{0443AD4E-DC3F-18F5-D81C-40EE6608F8F0}"
EndProject
Global
	GlobalSection(SolutionConfigurationPlatforms) = preSolution
		Debug|Any CPU = Debug|Any CPU
		Release|Any CPU = Release|Any CPU
	EndGlobalSection
	GlobalSection(ProjectConfigurationPlatforms) = postSolution
		{B6989FA2-1FE1-E1F7-0CB8-8FE2A41A0F8C}.Debug|Any CPU.ActiveCfg = Debug|Any CPU
		{B6989FA2-1FE1-E1F7-0CB8-8FE2A41A0F8C}.Debug|Any CPU.Build.0 = Debug|Any CPU
		{B6989FA2-1FE1-E1F7-0CB8-8FE2A41A0F8C}.Release|Any CPU.ActiveCfg = Release|Any CPU
		{B6989FA2-1FE1-E1F7-0CB8-8FE2A41A0F8C}.Release|Any CPU.Build.0 = Release|Any CPU
		{7589B7E4-C5B6-DCAD-EAC4-4F070534175D}.Debug|Any CPU.ActiveCfg = Debug|Any CPU
		{7589B7E4-C5B6-DCAD-EAC4-4F070534175D}.Debug|Any CPU.Build.0 = Debug|Any CPU
		{7589B7E4-C5B6-DCAD-EAC4-4F070534175D}.Release|Any CPU.ActiveCfg = Release|Any CPU
		{7589B7E4-C5B6-DCAD-EAC4-4F070534175D}.Release|Any CPU.Build.0 = Release|Any CPU
		{02309D3F-03C8-7489-3374-A77F7CB53280}.Debug|Any CPU.ActiveCfg = Debug|Any CPU
		{02309D3F-03C8-7489-3374-A77F7CB53280}.Debug|Any CPU.Build.0 = Debug|Any CPU
		{02309D3F-03C8-7489-3374-A77F7CB53280}.Release|Any CPU.ActiveCfg = Release|Any CPU
		{02309D3F-03C8-7489-3374-A77F7CB53280}.Release|Any CPU.Build.0 = Release|Any CPU
		{D2E885DB-5010-EF63-6802-88549617FAA1}.Debug|Any CPU.ActiveCfg = Debug|Any CPU
		{D2E885DB-5010-EF63-6802-88549617FAA1}.Debug|Any CPU.Build.0 = Debug|Any CPU
		{D2E885DB-5010-EF63-6802-88549617FAA1}.Release|Any CPU.ActiveCfg = Release|Any CPU
		{D2E885DB-5010-EF63-6802-88549617FAA1}.Release|Any CPU.Build.0 = Release|Any CPU
		{367B9627-1482-0D19-44A8-8E435C1D6973}.Debug|Any CPU.ActiveCfg = Debug|Any CPU
		{367B9627-1482-0D19-44A8-8E435C1D6973}.Debug|Any CPU.Build.0 = Debug|Any CPU
		{367B9627-1482-0D19-44A8-8E435C1D6973}.Release|Any CPU.ActiveCfg = Release|Any CPU
		{367B9627-1482-0D19-44A8-8E435C1D6973}.Release|Any CPU.Build.0 = Release|Any CPU
		{B68373E6-A674-1B51-C6C4-8043963CCD95}.Debug|Any CPU.ActiveCfg = Debug|Any CPU
		{B68373E6-A674-1B51-C6C4-8043963CCD95}.Debug|Any CPU.Build.0 = Debug|Any CPU
		{B68373E6-A674-1B51-C6C4-8043963CCD95}.Release|Any CPU.ActiveCfg = Release|Any CPU
		{B68373E6-A674-1B51-C6C4-8043963CCD95}.Release|Any CPU.Build.0 = Release|Any CPU
		{0443AD4E-DC3F-18F5-D81C-40EE6608F8F0}.Debug|Any CPU.ActiveCfg = Debug|Any CPU
		{0443AD4E-DC3F-18F5-D81C-40EE6608F8F0}.Debug|Any CPU.Build.0 = Debug|Any CPU
		{0443AD4E-DC3F-18F5-D81C-40EE6608F8F0}.Release|Any CPU.ActiveCfg = Release|Any CPU
		{0443AD4E-DC3F-18F5-D81C-40EE6608F8F0}.Release|Any CPU.Build.0 = Release|Any CPU
	EndGlobalSection
	GlobalSection(SolutionProperties) = preSolution
		HideSolutionNode = FALSE
	EndGlobalSection
	GlobalSection(NestedProjects) = preSolution
		{B6989FA2-1FE1-E1F7-0CB8-8FE2A41A0F8C} = {B98B9567-4137-651F-6971-E2396273E204}
		{7589B7E4-C5B6-DCAD-EAC4-4F070534175D} = {B98B9567-4137-651F-6971-E2396273E204}
		{02309D3F-03C8-7489-3374-A77F7CB53280} = {B98B9567-4137-651F-6971-E2396273E204}
		{D2E885DB-5010-EF63-6802-88549617FAA1} = {B98B9567-4137-651F-6971-E2396273E204}
		{C6A6441C-106B-B857-A457-6226BE6D76D5} = {B98B9567-4137-651F-6971-E2396273E204}
		{367B9627-1482-0D19-44A8-8E435C1D6973} = {C6A6441C-106B-B857-A457-6226BE6D76D5}
		{B68373E6-A674-1B51-C6C4-8043963CCD95} = {C6A6441C-106B-B857-A457-6226BE6D76D5}
		{0443AD4E-DC3F-18F5-D81C-40EE6608F8F0} = {C6A6441C-106B-B857-A457-6226BE6D76D5}
	EndGlobalSection
	GlobalSection(ExtensibilityGlobals) = postSolution
		SolutionGuid = {474E57F7-DCA1-4EB9-B97C-D00381CEB9F5}
	EndGlobalSection
EndGlobal
